
Microsoft Visual Studio Solution File, Format Version 12.00
# Visual Studio Version 17
VisualStudioVersion = 17.7.34031.279
MinimumVisualStudioVersion = 10.0.40219.1
Project("{FAE04EC0-301F-11D3-BF4B-00C04F79EFBC}") = "buildapp", "buildapp\buildapp.csproj", "{64D8394E-76EE-4B72-BA0E-98254B3CB978}"
EndProject
Global
	GlobalSection(SolutionConfigurationPlatforms) = preSolution
		Debug|Any CPU = Debug|Any CPU
		Release|Any CPU = Release|Any CPU
	EndGlobalSection
	GlobalSection(ProjectConfigurationPlatforms) = postSolution
		{64D8394E-76EE-4B72-BA0E-98254B3CB978}.Debug|Any CPU.ActiveCfg = Debug|Any CPU
		{64D8394E-76EE-4B72-BA0E-98254B3CB978}.Debug|Any CPU.Build.0 = Debug|Any CPU
		{64D8394E-76EE-4B72-BA0E-98254B3CB978}.Release|Any CPU.ActiveCfg = Release|Any CPU
		{64D8394E-76EE-4B72-BA0E-98254B3CB978}.Release|Any CPU.Build.0 = Release|Any CPU
	EndGlobalSection
	GlobalSection(SolutionProperties) = preSolution
		HideSolutionNode = FALSE
	EndGlobalSection
	GlobalSection(ExtensibilityGlobals) = postSolution
		SolutionGuid = {01CE648A-11CF-452D-946A-22B866143E8B}
	EndGlobalSection
EndGlobal
